// !$*UTF8*$!
{
	archiveVersion = 1;
	classes = {
	};
	objectVersion = 55;
	objects = {

/* Begin PBXBuildFile section */
		C90A808028AE545B00931E40 /* WatchReader WatchKit App.app in Embed Watch Content */ = {isa = PBXBuildFile; fileRef = C90A807F28AE545B00931E40 /* WatchReader WatchKit App.app */; settings = {ATTRIBUTES = (RemoveHeadersOnCopy, ); }; };
		C90A808528AE545E00931E40 /* Assets.xcassets in Resources */ = {isa = PBXBuildFile; fileRef = C90A808428AE545E00931E40 /* Assets.xcassets */; };
		C90A808B28AE545E00931E40 /* WatchReader WatchKit Extension.appex in Embed App Extensions */ = {isa = PBXBuildFile; fileRef = C90A808A28AE545E00931E40 /* WatchReader WatchKit Extension.appex */; settings = {ATTRIBUTES = (RemoveHeadersOnCopy, ); }; };
		C90A809028AE545E00931E40 /* WatchReaderApp.swift in Sources */ = {isa = PBXBuildFile; fileRef = C90A808F28AE545E00931E40 /* WatchReaderApp.swift */; };
		C90A809228AE545E00931E40 /* ContentView.swift in Sources */ = {isa = PBXBuildFile; fileRef = C90A809128AE545E00931E40 /* ContentView.swift */; };
		C90A809428AE545E00931E40 /* NotificationController.swift in Sources */ = {isa = PBXBuildFile; fileRef = C90A809328AE545E00931E40 /* NotificationController.swift */; };
		C90A809628AE545E00931E40 /* NotificationView.swift in Sources */ = {isa = PBXBuildFile; fileRef = C90A809528AE545E00931E40 /* NotificationView.swift */; };
		C90A809828AE545E00931E40 /* ComplicationController.swift in Sources */ = {isa = PBXBuildFile; fileRef = C90A809728AE545E00931E40 /* ComplicationController.swift */; };
		C90A809A28AE545F00931E40 /* Assets.xcassets in Resources */ = {isa = PBXBuildFile; fileRef = C90A809928AE545F00931E40 /* Assets.xcassets */; };
		C90A809D28AE545F00931E40 /* Preview Assets.xcassets in Resources */ = {isa = PBXBuildFile; fileRef = C90A809C28AE545F00931E40 /* Preview Assets.xcassets */; };
/* End PBXBuildFile section */

/* Begin PBXContainerItemProxy section */
		C90A808128AE545B00931E40 /* PBXContainerItemProxy */ = {
			isa = PBXContainerItemProxy;
			containerPortal = C90A807528AE545B00931E40 /* Project object */;
			proxyType = 1;
			remoteGlobalIDString = C90A807E28AE545B00931E40;
			remoteInfo = "WatchReader WatchKit App";
		};
		C90A808C28AE545E00931E40 /* PBXContainerItemProxy */ = {
			isa = PBXContainerItemProxy;
			containerPortal = C90A807528AE545B00931E40 /* Project object */;
			proxyType = 1;
			remoteGlobalIDString = C90A808928AE545E00931E40;
			remoteInfo = "WatchReader WatchKit Extension";
		};
/* End PBXContainerItemProxy section */

/* Begin PBXCopyFilesBuildPhase section */
		C90A80A528AE545F00931E40 /* Embed App Extensions */ = {
			isa = PBXCopyFilesBuildPhase;
			buildActionMask = 2147483647;
			dstPath = "";
			dstSubfolderSpec = 13;
			files = (
				C90A808B28AE545E00931E40 /* WatchReader WatchKit Extension.appex in Embed App Extensions */,
			);
			name = "Embed App Extensions";
			runOnlyForDeploymentPostprocessing = 0;
		};
		C90A80A928AE545F00931E40 /* Embed Watch Content */ = {
			isa = PBXCopyFilesBuildPhase;
			buildActionMask = 2147483647;
			dstPath = "$(CONTENTS_FOLDER_PATH)/Watch";
			dstSubfolderSpec = 16;
			files = (
				C90A808028AE545B00931E40 /* WatchReader WatchKit App.app in Embed Watch Content */,
			);
			name = "Embed Watch Content";
			runOnlyForDeploymentPostprocessing = 0;
		};
/* End PBXCopyFilesBuildPhase section */

/* Begin PBXFileReference section */
		C90A807B28AE545B00931E40 /* WatchReader.app */ = {isa = PBXFileReference; explicitFileType = wrapper.application; includeInIndex = 0; path = WatchReader.app; sourceTree = BUILT_PRODUCTS_DIR; };
		C90A807F28AE545B00931E40 /* WatchReader WatchKit App.app */ = {isa = PBXFileReference; explicitFileType = wrapper.application; includeInIndex = 0; path = "WatchReader WatchKit App.app"; sourceTree = BUILT_PRODUCTS_DIR; };
		C90A808428AE545E00931E40 /* Assets.xcassets */ = {isa = PBXFileReference; lastKnownFileType = folder.assetcatalog; path = Assets.xcassets; sourceTree = "<group>"; };
		C90A808A28AE545E00931E40 /* WatchReader WatchKit Extension.appex */ = {isa = PBXFileReference; explicitFileType = "wrapper.app-extension"; includeInIndex = 0; path = "WatchReader WatchKit Extension.appex"; sourceTree = BUILT_PRODUCTS_DIR; };
		C90A808F28AE545E00931E40 /* WatchReaderApp.swift */ = {isa = PBXFileReference; lastKnownFileType = sourcecode.swift; path = WatchReaderApp.swift; sourceTree = "<group>"; };
		C90A809128AE545E00931E40 /* ContentView.swift */ = {isa = PBXFileReference; lastKnownFileType = sourcecode.swift; path = ContentView.swift; sourceTree = "<group>"; };
		C90A809328AE545E00931E40 /* NotificationController.swift */ = {isa = PBXFileReference; lastKnownFileType = sourcecode.swift; path = NotificationController.swift; sourceTree = "<group>"; };
		C90A809528AE545E00931E40 /* NotificationView.swift */ = {isa = PBXFileReference; lastKnownFileType = sourcecode.swift; path = NotificationView.swift; sourceTree = "<group>"; };
		C90A809728AE545E00931E40 /* ComplicationController.swift */ = {isa = PBXFileReference; lastKnownFileType = sourcecode.swift; path = ComplicationController.swift; sourceTree = "<group>"; };
		C90A809928AE545F00931E40 /* Assets.xcassets */ = {isa = PBXFileReference; lastKnownFileType = folder.assetcatalog; path = Assets.xcassets; sourceTree = "<group>"; };
		C90A809C28AE545F00931E40 /* Preview Assets.xcassets */ = {isa = PBXFileReference; lastKnownFileType = folder.assetcatalog; path = "Preview Assets.xcassets"; sourceTree = "<group>"; };
		C90A809E28AE545F00931E40 /* Info.plist */ = {isa = PBXFileReference; lastKnownFileType = text.plist.xml; path = Info.plist; sourceTree = "<group>"; };
		C90A809F28AE545F00931E40 /* PushNotificationPayload.apns */ = {isa = PBXFileReference; lastKnownFileType = text; path = PushNotificationPayload.apns; sourceTree = "<group>"; };
/* End PBXFileReference section */

/* Begin PBXFrameworksBuildPhase section */
		C90A808728AE545E00931E40 /* Frameworks */ = {
			isa = PBXFrameworksBuildPhase;
			buildActionMask = 2147483647;
			files = (
			);
			runOnlyForDeploymentPostprocessing = 0;
		};
/* End PBXFrameworksBuildPhase section */

/* Begin PBXGroup section */
		C90A807428AE545B00931E40 = {
			isa = PBXGroup;
			children = (
				C90A808328AE545B00931E40 /* WatchReader WatchKit App */,
				C90A808E28AE545E00931E40 /* WatchReader WatchKit Extension */,
				C90A807C28AE545B00931E40 /* Products */,
			);
			sourceTree = "<group>";
		};
		C90A807C28AE545B00931E40 /* Products */ = {
			isa = PBXGroup;
			children = (
				C90A807B28AE545B00931E40 /* WatchReader.app */,
				C90A807F28AE545B00931E40 /* WatchReader WatchKit App.app */,
				C90A808A28AE545E00931E40 /* WatchReader WatchKit Extension.appex */,
			);
			name = Products;
			sourceTree = "<group>";
		};
		C90A808328AE545B00931E40 /* WatchReader WatchKit App */ = {
			isa = PBXGroup;
			children = (
				C90A808428AE545E00931E40 /* Assets.xcassets */,
			);
			path = "WatchReader WatchKit App";
			sourceTree = "<group>";
		};
		C90A808E28AE545E00931E40 /* WatchReader WatchKit Extension */ = {
			isa = PBXGroup;
			children = (
				C90A808F28AE545E00931E40 /* WatchReaderApp.swift */,
				C90A809128AE545E00931E40 /* ContentView.swift */,
				C90A809328AE545E00931E40 /* NotificationController.swift */,
				C90A809528AE545E00931E40 /* NotificationView.swift */,
				C90A809728AE545E00931E40 /* ComplicationController.swift */,
				C90A809928AE545F00931E40 /* Assets.xcassets */,
				C90A809E28AE545F00931E40 /* Info.plist */,
				C90A809F28AE545F00931E40 /* PushNotificationPayload.apns */,
				C90A809B28AE545F00931E40 /* Preview Content */,
			);
			path = "WatchReader WatchKit Extension";
			sourceTree = "<group>";
		};
		C90A809B28AE545F00931E40 /* Preview Content */ = {
			isa = PBXGroup;
			children = (
				C90A809C28AE545F00931E40 /* Preview Assets.xcassets */,
			);
			path = "Preview Content";
			sourceTree = "<group>";
		};
/* End PBXGroup section */

/* Begin PBXNativeTarget section */
		C90A807A28AE545B00931E40 /* WatchReader */ = {
			isa = PBXNativeTarget;
			buildConfigurationList = C90A80AA28AE545F00931E40 /* Build configuration list for PBXNativeTarget "WatchReader" */;
			buildPhases = (
				C90A807928AE545B00931E40 /* Resources */,
				C90A80A928AE545F00931E40 /* Embed Watch Content */,
			);
			buildRules = (
			);
			dependencies = (
				C90A808228AE545B00931E40 /* PBXTargetDependency */,
			);
			name = WatchReader;
			productName = WatchReader;
			productReference = C90A807B28AE545B00931E40 /* WatchReader.app */;
			productType = "com.apple.product-type.application.watchapp2-container";
		};
		C90A807E28AE545B00931E40 /* WatchReader WatchKit App */ = {
			isa = PBXNativeTarget;
			buildConfigurationList = C90A80A628AE545F00931E40 /* Build configuration list for PBXNativeTarget "WatchReader WatchKit App" */;
			buildPhases = (
				C90A807D28AE545B00931E40 /* Resources */,
				C90A80A528AE545F00931E40 /* Embed App Extensions */,
			);
			buildRules = (
			);
			dependencies = (
				C90A808D28AE545E00931E40 /* PBXTargetDependency */,
			);
			name = "WatchReader WatchKit App";
			productName = "WatchReader WatchKit App";
			productReference = C90A807F28AE545B00931E40 /* WatchReader WatchKit App.app */;
			productType = "com.apple.product-type.application.watchapp2";
		};
		C90A808928AE545E00931E40 /* WatchReader WatchKit Extension */ = {
			isa = PBXNativeTarget;
			buildConfigurationList = C90A80A228AE545F00931E40 /* Build configuration list for PBXNativeTarget "WatchReader WatchKit Extension" */;
			buildPhases = (
				C90A808628AE545E00931E40 /* Sources */,
				C90A808728AE545E00931E40 /* Frameworks */,
				C90A808828AE545E00931E40 /* Resources */,
			);
			buildRules = (
			);
			dependencies = (
			);
			name = "WatchReader WatchKit Extension";
			productName = "WatchReader WatchKit Extension";
			productReference = C90A808A28AE545E00931E40 /* WatchReader WatchKit Extension.appex */;
			productType = "com.apple.product-type.watchkit2-extension";
		};
/* End PBXNativeTarget section */

/* Begin PBXProject section */
		C90A807528AE545B00931E40 /* Project object */ = {
			isa = PBXProject;
			attributes = {
				BuildIndependentTargetsInParallel = 1;
				LastSwiftUpdateCheck = 1340;
				LastUpgradeCheck = 1340;
				TargetAttributes = {
					C90A807A28AE545B00931E40 = {
						CreatedOnToolsVersion = 13.4.1;
					};
					C90A807E28AE545B00931E40 = {
						CreatedOnToolsVersion = 13.4.1;
					};
					C90A808928AE545E00931E40 = {
						CreatedOnToolsVersion = 13.4.1;
					};
				};
			};
			buildConfigurationList = C90A807828AE545B00931E40 /* Build configuration list for PBXProject "WatchReader" */;
			compatibilityVersion = "Xcode 13.0";
			developmentRegion = en;
			hasScannedForEncodings = 0;
			knownRegions = (
				en,
				Base,
			);
			mainGroup = C90A807428AE545B00931E40;
			productRefGroup = C90A807C28AE545B00931E40 /* Products */;
			projectDirPath = "";
			projectRoot = "";
			targets = (
				C90A807A28AE545B00931E40 /* WatchReader */,
				C90A807E28AE545B00931E40 /* WatchReader WatchKit App */,
				C90A808928AE545E00931E40 /* WatchReader WatchKit Extension */,
			);
		};
/* End PBXProject section */

/* Begin PBXResourcesBuildPhase section */
		C90A807928AE545B00931E40 /* Resources */ = {
			isa = PBXResourcesBuildPhase;
			buildActionMask = 2147483647;
			files = (
			);
			runOnlyForDeploymentPostprocessing = 0;
		};
		C90A807D28AE545B00931E40 /* Resources */ = {
			isa = PBXResourcesBuildPhase;
			buildActionMask = 2147483647;
			files = (
				C90A808528AE545E00931E40 /* Assets.xcassets in Resources */,
			);
			runOnlyForDeploymentPostprocessing = 0;
		};
		C90A808828AE545E00931E40 /* Resources */ = {
			isa = PBXResourcesBuildPhase;
			buildActionMask = 2147483647;
			files = (
				C90A809D28AE545F00931E40 /* Preview Assets.xcassets in Resources */,
				C90A809A28AE545F00931E40 /* Assets.xcassets in Resources */,
			);
			runOnlyForDeploymentPostprocessing = 0;
		};
/* End PBXResourcesBuildPhase section */

/* Begin PBXSourcesBuildPhase section */
		C90A808628AE545E00931E40 /* Sources */ = {
			isa = PBXSourcesBuildPhase;
			buildActionMask = 2147483647;
			files = (
				C90A809428AE545E00931E40 /* NotificationController.swift in Sources */,
				C90A809228AE545E00931E40 /* ContentView.swift in Sources */,
				C90A809828AE545E00931E40 /* ComplicationController.swift in Sources */,
				C90A809028AE545E00931E40 /* WatchReaderApp.swift in Sources */,
				C90A809628AE545E00931E40 /* NotificationView.swift in Sources */,
			);
			runOnlyForDeploymentPostprocessing = 0;
		};
/* End PBXSourcesBuildPhase section */

/* Begin PBXTargetDependency section */
		C90A808228AE545B00931E40 /* PBXTargetDependency */ = {
			isa = PBXTargetDependency;
			target = C90A807E28AE545B00931E40 /* WatchReader WatchKit App */;
			targetProxy = C90A808128AE545B00931E40 /* PBXContainerItemProxy */;
		};
		C90A808D28AE545E00931E40 /* PBXTargetDependency */ = {
			isa = PBXTargetDependency;
			target = C90A808928AE545E00931E40 /* WatchReader WatchKit Extension */;
			targetProxy = C90A808C28AE545E00931E40 /* PBXContainerItemProxy */;
		};
/* End PBXTargetDependency section */

/* Begin XCBuildConfiguration section */
		C90A80A028AE545F00931E40 /* Debug */ = {
			isa = XCBuildConfiguration;
			buildSettings = {
				ALWAYS_SEARCH_USER_PATHS = NO;
				CLANG_ANALYZER_NONNULL = YES;
				CLANG_ANALYZER_NUMBER_OBJECT_CONVERSION = YES_AGGRESSIVE;
				CLANG_CXX_LANGUAGE_STANDARD = "gnu++17";
				CLANG_ENABLE_MODULES = YES;
				CLANG_ENABLE_OBJC_ARC = YES;
				CLANG_ENABLE_OBJC_WEAK = YES;
				CLANG_WARN_BLOCK_CAPTURE_AUTORELEASING = YES;
				CLANG_WARN_BOOL_CONVERSION = YES;
				CLANG_WARN_COMMA = YES;
				CLANG_WARN_CONSTANT_CONVERSION = YES;
				CLANG_WARN_DEPRECATED_OBJC_IMPLEMENTATIONS = YES;
				CLANG_WARN_DIRECT_OBJC_ISA_USAGE = YES_ERROR;
				CLANG_WARN_DOCUMENTATION_COMMENTS = YES;
				CLANG_WARN_EMPTY_BODY = YES;
				CLANG_WARN_ENUM_CONVERSION = YES;
				CLANG_WARN_INFINITE_RECURSION = YES;
				CLANG_WARN_INT_CONVERSION = YES;
				CLANG_WARN_NON_LITERAL_NULL_CONVERSION = YES;
				CLANG_WARN_OBJC_IMPLICIT_RETAIN_SELF = YES;
				CLANG_WARN_OBJC_LITERAL_CONVERSION = YES;
				CLANG_WARN_OBJC_ROOT_CLASS = YES_ERROR;
				CLANG_WARN_QUOTED_INCLUDE_IN_FRAMEWORK_HEADER = YES;
				CLANG_WARN_RANGE_LOOP_ANALYSIS = YES;
				CLANG_WARN_STRICT_PROTOTYPES = YES;
				CLANG_WARN_SUSPICIOUS_MOVE = YES;
				CLANG_WARN_UNGUARDED_AVAILABILITY = YES_AGGRESSIVE;
				CLANG_WARN_UNREACHABLE_CODE = YES;
				CLANG_WARN__DUPLICATE_METHOD_MATCH = YES;
				COPY_PHASE_STRIP = NO;
				DEBUG_INFORMATION_FORMAT = dwarf;
				ENABLE_STRICT_OBJC_MSGSEND = YES;
				ENABLE_TESTABILITY = YES;
				GCC_C_LANGUAGE_STANDARD = gnu11;
				GCC_DYNAMIC_NO_PIC = NO;
				GCC_NO_COMMON_BLOCKS = YES;
				GCC_OPTIMIZATION_LEVEL = 0;
				GCC_PREPROCESSOR_DEFINITIONS = (
					"DEBUG=1",
					"$(inherited)",
				);
				GCC_WARN_64_TO_32_BIT_CONVERSION = YES;
				GCC_WARN_ABOUT_RETURN_TYPE = YES_ERROR;
				GCC_WARN_UNDECLARED_SELECTOR = YES;
				GCC_WARN_UNINITIALIZED_AUTOS = YES_AGGRESSIVE;
				GCC_WARN_UNUSED_FUNCTION = YES;
				GCC_WARN_UNUSED_VARIABLE = YES;
				MTL_ENABLE_DEBUG_INFO = INCLUDE_SOURCE;
				MTL_FAST_MATH = YES;
				ONLY_ACTIVE_ARCH = YES;
				SDKROOT = iphoneos;
				SWIFT_ACTIVE_COMPILATION_CONDITIONS = DEBUG;
				SWIFT_OPTIMIZATION_LEVEL = "-Onone";
			};
			name = Debug;
		};
		C90A80A128AE545F00931E40 /* Release */ = {
			isa = XCBuildConfiguration;
			buildSettings = {
				ALWAYS_SEARCH_USER_PATHS = NO;
				CLANG_ANALYZER_NONNULL = YES;
				CLANG_ANALYZER_NUMBER_OBJECT_CONVERSION = YES_AGGRESSIVE;
				CLANG_CXX_LANGUAGE_STANDARD = "gnu++17";
				CLANG_ENABLE_MODULES = YES;
				CLANG_ENABLE_OBJC_ARC = YES;
				CLANG_ENABLE_OBJC_WEAK = YES;
				CLANG_WARN_BLOCK_CAPTURE_AUTORELEASING = YES;
				CLANG_WARN_BOOL_CONVERSION = YES;
				CLANG_WARN_COMMA = YES;
				CLANG_WARN_CONSTANT_CONVERSION = YES;
				CLANG_WARN_DEPRECATED_OBJC_IMPLEMENTATIONS = YES;
				CLANG_WARN_DIRECT_OBJC_ISA_USAGE = YES_ERROR;
				CLANG_WARN_DOCUMENTATION_COMMENTS = YES;
				CLANG_WARN_EMPTY_BODY = YES;
				CLANG_WARN_ENUM_CONVERSION = YES;
				CLANG_WARN_INFINITE_RECURSION = YES;
				CLANG_WARN_INT_CONVERSION = YES;
				CLANG_WARN_NON_LITERAL_NULL_CONVERSION = YES;
				CLANG_WARN_OBJC_IMPLICIT_RETAIN_SELF = YES;
				CLANG_WARN_OBJC_LITERAL_CONVERSION = YES;
				CLANG_WARN_OBJC_ROOT_CLASS = YES_ERROR;
				CLANG_WARN_QUOTED_INCLUDE_IN_FRAMEWORK_HEADER = YES;
				CLANG_WARN_RANGE_LOOP_ANALYSIS = YES;
				CLANG_WARN_STRICT_PROTOTYPES = YES;
				CLANG_WARN_SUSPICIOUS_MOVE = YES;
				CLANG_WARN_UNGUARDED_AVAILABILITY = YES_AGGRESSIVE;
				CLANG_WARN_UNREACHABLE_CODE = YES;
				CLANG_WARN__DUPLICATE_METHOD_MATCH = YES;
				COPY_PHASE_STRIP = NO;
				DEBUG_INFORMATION_FORMAT = "dwarf-with-dsym";
				ENABLE_NS_ASSERTIONS = NO;
				ENABLE_STRICT_OBJC_MSGSEND = YES;
				GCC_C_LANGUAGE_STANDARD = gnu11;
				GCC_NO_COMMON_BLOCKS = YES;
				GCC_WARN_64_TO_32_BIT_CONVERSION = YES;
				GCC_WARN_ABOUT_RETURN_TYPE = YES_ERROR;
				GCC_WARN_UNDECLARED_SELECTOR = YES;
				GCC_WARN_UNINITIALIZED_AUTOS = YES_AGGRESSIVE;
				GCC_WARN_UNUSED_FUNCTION = YES;
				GCC_WARN_UNUSED_VARIABLE = YES;
				MTL_ENABLE_DEBUG_INFO = NO;
				MTL_FAST_MATH = YES;
				SDKROOT = iphoneos;
				SWIFT_COMPILATION_MODE = wholemodule;
				SWIFT_OPTIMIZATION_LEVEL = "-O";
				VALIDATE_PRODUCT = YES;
			};
			name = Release;
		};
		C90A80A328AE545F00931E40 /* Debug */ = {
			isa = XCBuildConfiguration;
			buildSettings = {
				ASSETCATALOG_COMPILER_COMPLICATION_NAME = Complication;
				CODE_SIGN_STYLE = Automatic;
				CURRENT_PROJECT_VERSION = 1;
				DEVELOPMENT_ASSET_PATHS = "\"WatchReader WatchKit Extension/Preview Content\"";
				DEVELOPMENT_TEAM = 562RVD2W39;
				ENABLE_PREVIEWS = YES;
				GENERATE_INFOPLIST_FILE = YES;
				INFOPLIST_FILE = "WatchReader WatchKit Extension/Info.plist";
				INFOPLIST_KEY_CFBundleDisplayName = "WatchReader WatchKit Extension";
				INFOPLIST_KEY_CLKComplicationPrincipalClass = "$(PRODUCT_MODULE_NAME).ComplicationController";
				INFOPLIST_KEY_NSHumanReadableCopyright = "";
				INFOPLIST_KEY_WKWatchOnly = YES;
				LD_RUNPATH_SEARCH_PATHS = (
					"$(inherited)",
					"@executable_path/Frameworks",
					"@executable_path/../../Frameworks",
				);
				MARKETING_VERSION = 1.0;
				PRODUCT_BUNDLE_IDENTIFIER = "app.hanhqvu-portfolio.netlify.WatchReader.watchkitapp.watchkitextension";
				PRODUCT_NAME = "${TARGET_NAME}";
				SDKROOT = watchos;
				SKIP_INSTALL = YES;
				SWIFT_EMIT_LOC_STRINGS = YES;
				SWIFT_VERSION = 5.0;
				TARGETED_DEVICE_FAMILY = 4;
				WATCHOS_DEPLOYMENT_TARGET = 8.5;
			};
			name = Debug;
		};
		C90A80A428AE545F00931E40 /* Release */ = {
			isa = XCBuildConfiguration;
			buildSettings = {
				ASSETCATALOG_COMPILER_COMPLICATION_NAME = Complication;
				CODE_SIGN_STYLE = Automatic;
				CURRENT_PROJECT_VERSION = 1;
				DEVELOPMENT_ASSET_PATHS = "\"WatchReader WatchKit Extension/Preview Content\"";
				DEVELOPMENT_TEAM = 562RVD2W39;
				ENABLE_PREVIEWS = YES;
				GENERATE_INFOPLIST_FILE = YES;
				INFOPLIST_FILE = "WatchReader WatchKit Extension/Info.plist";
				INFOPLIST_KEY_CFBundleDisplayName = "WatchReader WatchKit Extension";
				INFOPLIST_KEY_CLKComplicationPrincipalClass = "$(PRODUCT_MODULE_NAME).ComplicationController";
				INFOPLIST_KEY_NSHumanReadableCopyright = "";
				INFOPLIST_KEY_WKWatchOnly = YES;
				LD_RUNPATH_SEARCH_PATHS = (
					"$(inherited)",
					"@executable_path/Frameworks",
					"@executable_path/../../Frameworks",
				);
				MARKETING_VERSION = 1.0;
				PRODUCT_BUNDLE_IDENTIFIER = "app.hanhqvu-portfolio.netlify.WatchReader.watchkitapp.watchkitextension";
				PRODUCT_NAME = "${TARGET_NAME}";
				SDKROOT = watchos;
				SKIP_INSTALL = YES;
				SWIFT_EMIT_LOC_STRINGS = YES;
				SWIFT_VERSION = 5.0;
				TARGETED_DEVICE_FAMILY = 4;
				WATCHOS_DEPLOYMENT_TARGET = 8.5;
			};
			name = Release;
		};
		C90A80A728AE545F00931E40 /* Debug */ = {
			isa = XCBuildConfiguration;
			buildSettings = {
				ALWAYS_EMBED_SWIFT_STANDARD_LIBRARIES = YES;
				ASSETCATALOG_COMPILER_APPICON_NAME = AppIcon;
				ASSETCATALOG_COMPILER_GLOBAL_ACCENT_COLOR_NAME = AccentColor;
				CODE_SIGN_STYLE = Automatic;
				CURRENT_PROJECT_VERSION = 1;
				DEVELOPMENT_TEAM = 562RVD2W39;
				GENERATE_INFOPLIST_FILE = YES;
				IBSC_MODULE = WatchReader_WatchKit_Extension;
				INFOPLIST_KEY_CFBundleDisplayName = "WatchReader WatchKit App";
				INFOPLIST_KEY_UISupportedInterfaceOrientations = "UIInterfaceOrientationPortrait UIInterfaceOrientationPortraitUpsideDown";
				MARKETING_VERSION = 1.0;
				PRODUCT_BUNDLE_IDENTIFIER = "app.hanhqvu-portfolio.netlify.WatchReader.watchkitapp";
				PRODUCT_NAME = "$(TARGET_NAME)";
				SDKROOT = watchos;
				SKIP_INSTALL = YES;
				SWIFT_EMIT_LOC_STRINGS = YES;
				SWIFT_VERSION = 5.0;
				TARGETED_DEVICE_FAMILY = 4;
				WATCHOS_DEPLOYMENT_TARGET = 8.5;
			};
			name = Debug;
		};
		C90A80A828AE545F00931E40 /* Release */ = {
			isa = XCBuildConfiguration;
			buildSettings = {
				ALWAYS_EMBED_SWIFT_STANDARD_LIBRARIES = YES;
				ASSETCATALOG_COMPILER_APPICON_NAME = AppIcon;
				ASSETCATALOG_COMPILER_GLOBAL_ACCENT_COLOR_NAME = AccentColor;
				CODE_SIGN_STYLE = Automatic;
				CURRENT_PROJECT_VERSION = 1;
				DEVELOPMENT_TEAM = 562RVD2W39;
				GENERATE_INFOPLIST_FILE = YES;
				IBSC_MODULE = WatchReader_WatchKit_Extension;
				INFOPLIST_KEY_CFBundleDisplayName = "WatchReader WatchKit App";
				INFOPLIST_KEY_UISupportedInterfaceOrientations = "UIInterfaceOrientationPortrait UIInterfaceOrientationPortraitUpsideDown";
				MARKETING_VERSION = 1.0;
				PRODUCT_BUNDLE_IDENTIFIER = "app.hanhqvu-portfolio.netlify.WatchReader.watchkitapp";
				PRODUCT_NAME = "$(TARGET_NAME)";
				SDKROOT = watchos;
				SKIP_INSTALL = YES;
				SWIFT_EMIT_LOC_STRINGS = YES;
				SWIFT_VERSION = 5.0;
				TARGETED_DEVICE_FAMILY = 4;
				WATCHOS_DEPLOYMENT_TARGET = 8.5;
			};
			name = Release;
		};
		C90A80AB28AE545F00931E40 /* Debug */ = {
			isa = XCBuildConfiguration;
			buildSettings = {
				CODE_SIGN_IDENTITY = "Apple Development";
				CODE_SIGN_STYLE = Automatic;
				CURRENT_PROJECT_VERSION = 1;
				DEVELOPMENT_TEAM = 562RVD2W39;
				MARKETING_VERSION = 1.0;
				PRODUCT_BUNDLE_IDENTIFIER = "app.hanhqvu-portfolio.netlify.WatchReader";
				PRODUCT_NAME = "$(TARGET_NAME)";
				PROVISIONING_PROFILE_SPECIFIER = "";
				SWIFT_VERSION = 5.0;
			};
			name = Debug;
		};
		C90A80AC28AE545F00931E40 /* Release */ = {
			isa = XCBuildConfiguration;
			buildSettings = {
				CODE_SIGN_IDENTITY = "Apple Development";
				CODE_SIGN_STYLE = Automatic;
				CURRENT_PROJECT_VERSION = 1;
				DEVELOPMENT_TEAM = 562RVD2W39;
				MARKETING_VERSION = 1.0;
				PRODUCT_BUNDLE_IDENTIFIER = "app.hanhqvu-portfolio.netlify.WatchReader";
				PRODUCT_NAME = "$(TARGET_NAME)";
				PROVISIONING_PROFILE_SPECIFIER = "";
				SWIFT_VERSION = 5.0;
			};
			name = Release;
		};
/* End XCBuildConfiguration section */

/* Begin XCConfigurationList section */
		C90A807828AE545B00931E40 /* Build configuration list for PBXProject "WatchReader" */ = {
			isa = XCConfigurationList;
			buildConfigurations = (
				C90A80A028AE545F00931E40 /* Debug */,
				C90A80A128AE545F00931E40 /* Release */,
			);
			defaultConfigurationIsVisible = 0;
			defaultConfigurationName = Release;
		};
		C90A80A228AE545F00931E40 /* Build configuration list for PBXNativeTarget "WatchReader WatchKit Extension" */ = {
			isa = XCConfigurationList;
			buildConfigurations = (
				C90A80A328AE545F00931E40 /* Debug */,
				C90A80A428AE545F00931E40 /* Release */,
			);
			defaultConfigurationIsVisible = 0;
			defaultConfigurationName = Release;
		};
		C90A80A628AE545F00931E40 /* Build configuration list for PBXNativeTarget "WatchReader WatchKit App" */ = {
			isa = XCConfigurationList;
			buildConfigurations = (
				C90A80A728AE545F00931E40 /* Debug */,
				C90A80A828AE545F00931E40 /* Release */,
			);
			defaultConfigurationIsVisible = 0;
			defaultConfigurationName = Release;
		};
		C90A80AA28AE545F00931E40 /* Build configuration list for PBXNativeTarget "WatchReader" */ = {
			isa = XCConfigurationList;
			buildConfigurations = (
				C90A80AB28AE545F00931E40 /* Debug */,
				C90A80AC28AE545F00931E40 /* Release */,
			);
			defaultConfigurationIsVisible = 0;
			defaultConfigurationName = Release;
		};
/* End XCConfigurationList section */
	};
	rootObject = C90A807528AE545B00931E40 /* Project object */;
}
